{
  "name": "wolf-map",
  "version": "1.0.0",
  "lockfileVersion": 1,
  "requires": true,
  "dependencies": {
    "turf-extent": {
      "version": "1.0.4",
      "resolved": "https://registry.npmjs.org/turf-extent/-/turf-extent-1.0.4.tgz",
      "integrity": "sha1-nyjOEa+RatqIhioGIHRli6P+DwE=",
      "requires": {
        "turf-meta": "1.0.2"
      }
    },
    "turf-meta": {
      "version": "1.0.2",
      "resolved": "https://registry.npmjs.org/turf-meta/-/turf-meta-1.0.2.tgz",
      "integrity": "sha1-dNTElZOOskdypwsxoVfuPU/Wuhs="
    }
  }
}
